{
  "R": {
    "Version": "4.0.5",
    "Repositories": [
      {
        "Name": "CRAN",
        "URL": "https://packagemanager.posit.co/cran/latest"
      }
    ]
  },
  "Packages": {
    "MASS": {
      "Package": "MASS",
      "Version": "7.3-53.1",
      "Source": "Repository",
      "Repository": "CRAN",
      "Requirements": [
        "R",
        "grDevices",
        "graphics",
        "methods",
        "stats",
        "utils"
      ],
      "Hash": "4ef21dd0348b9abb7f8bd1d77e4cd0c3"
    },
    "Matrix": {
      "Package": "Matrix",
      "Version": "1.3-2",
      "Source": "Repository",
      "Repository": "CRAN",
      "Requirements": [
        "R",
        "graphics",
        "grid",
        "lattice",
        "methods",
        "stats",
        "utils"
      ],
      "Hash": "ff280503079ad8623d3c4b1519b24ea2"
    },
    "MatrixModels": {
      "Package": "MatrixModels",
      "Version": "0.5-0",
      "Source": "Repository",
      "Repository": "CRAN",
      "Requirements": [
        "Matrix",
        "R",
        "methods",
        "stats"
      ],
      "Hash": "366a8838782928e398b8762c932a42a3"
    },
    "R6": {
      "Package": "R6",
      "Version": "2.5.1",
      "Source": "Repository",
      "Repository": "CRAN",
      "Requirements": [
        "R"
      ],
      "Hash": "470851b6d5d0ac559e9d01bb352b4021"
    },
    "RColorBrewer": {
      "Package": "RColorBrewer",
      "Version": "1.1-3",
      "Source": "Repository",
      "Repository": "CRAN",
      "Requirements": [
        "R"
      ],
      "Hash": "45f0398006e83a5b10b72a90663d8d8c"
    },
    "Rcpp": {
      "Package": "Rcpp",
      "Version": "1.0.8.3",
      "Source": "Repository",
      "Repository": "CRAN",
      "Requirements": [
        "methods",
        "utils"
      ],
      "Hash": "32e79b908fda56ee57fe518a8d37b864"
    },
    "RcppEigen": {
      "Package": "RcppEigen",
      "Version": "0.3.3.9.2",
      "Source": "Repository",
      "Repository": "CRAN",
      "Requirements": [
        "Matrix",
        "Rcpp",
        "stats",
        "utils"
      ],
      "Hash": "4c86baed78388ceb06f88e3e9a1d87f5"
    },
    "SparseM": {
      "Package": "SparseM",
      "Version": "1.81",
      "Source": "Repository",
      "Repository": "CRAN",
      "Requirements": [
        "R",
        "graphics",
        "methods",
        "stats",
        "utils"
      ],
      "Hash": "2042cd9759cc89a453c4aefef0ce9aae"
    },
    "abind": {
      "Package": "abind",
      "Version": "1.4-5",
      "Source": "Repository",
      "Repository": "CRAN",
      "Requirements": [
        "R",
        "methods",
        "utils"
      ],
      "Hash": "4f57884290cc75ab22f4af9e9d4ca862"
    },
    "backports": {
      "Package": "backports",
      "Version": "1.4.1",
      "Source": "Repository",
      "Repository": "CRAN",
      "Requirements": [
        "R"
      ],
      "Hash": "c39fbec8a30d23e721980b8afb31984c"
    },
    "bartMachine": {
      "Package": "bartMachine",
      "Version": "1.2.6",
      "Source": "Repository",
      "Repository": "CRAN",
      "Requirements": [
        "R",
        "bartMachineJARs",
        "grDevices",
        "graphics",
        "missForest",
        "rJava",
        "randomForest",
        "stats"
      ],
      "Hash": "27cfe5bae7bcbffc0b7faf2477632b33"
    },
    "bartMachineJARs": {
      "Package": "bartMachineJARs",
      "Version": "1.1",
      "Source": "Repository",
      "Repository": "CRAN",
      "Requirements": [
        "R",
        "rJava"
      ],
      "Hash": "f203f70f2b21aa36f249bb2d60e5f048"
    },
    "base64enc": {
      "Package": "base64enc",
      "Version": "0.1-3",
      "Source": "Repository",
      "Repository": "CRAN",
      "Requirements": [
        "R"
      ],
      "Hash": "543776ae6848fde2f48ff3816d0628bc"
    },
    "boot": {
      "Package": "boot",
      "Version": "1.3-27",
      "Source": "Repository",
      "Repository": "CRAN",
      "Requirements": [
        "R",
        "graphics",
        "stats"
      ],
      "Hash": "d9778c960792721e8433daaf3db8f16a"
    },
    "brio": {
      "Package": "brio",
      "Version": "1.1.3",
      "Source": "Repository",
      "Repository": "CRAN",
      "Hash": "976cf154dfb043c012d87cddd8bca363"
    },
    "broom": {
      "Package": "broom",
      "Version": "1.0.5",
      "Source": "Repository",
      "Repository": "CRAN",
      "Requirements": [
        "R",
        "backports",
        "dplyr",
        "ellipsis",
        "generics",
        "glue",
        "lifecycle",
        "purrr",
        "rlang",
        "stringr",
        "tibble",
        "tidyr"
      ],
      "Hash": "fd25391c3c4f6ecf0fa95f1e6d15378c"
    },
    "bslib": {
      "Package": "bslib",
      "Version": "0.5.1",
      "Source": "Repository",
      "Repository": "CRAN",
      "Requirements": [
        "R",
        "base64enc",
        "cachem",
        "grDevices",
        "htmltools",
        "jquerylib",
        "jsonlite",
        "memoise",
        "mime",
        "rlang",
        "sass"
      ],
      "Hash": "283015ddfbb9d7bf15ea9f0b5698f0d9"
    },
    "cachem": {
      "Package": "cachem",
      "Version": "1.0.6",
      "Source": "Repository",
      "Repository": "CRAN",
      "Requirements": [
        "fastmap",
        "rlang"
      ],
      "Hash": "648c5b3d71e6a37e3043617489a0a0e9"
    },
    "callr": {
      "Package": "callr",
      "Version": "3.7.3",
      "Source": "Repository",
      "Repository": "CRAN",
      "Requirements": [
        "R",
        "R6",
        "processx",
        "utils"
      ],
      "Hash": "9b2191ede20fa29828139b9900922e51"
    },
    "car": {
      "Package": "car",
      "Version": "3.1-2",
      "Source": "Repository",
      "Repository": "CRAN",
      "Requirements": [
        "MASS",
        "R",
        "abind",
        "carData",
        "grDevices",
        "graphics",
        "lme4",
        "mgcv",
        "nlme",
        "nnet",
        "pbkrtest",
        "quantreg",
        "scales",
        "stats",
        "utils"
      ],
      "Hash": "839b351f31d56e0147439eb22c00a66a"
    },
    "carData": {
      "Package": "carData",
      "Version": "3.0-5",
      "Source": "Repository",
      "Repository": "CRAN",
      "Requirements": [
        "R"
      ],
      "Hash": "ac6cdb8552c61bd36b0e54d07cf2aab7"
    },
    "cli": {
      "Package": "cli",
      "Version": "3.6.1",
      "Source": "Repository",
      "Repository": "CRAN",
      "Requirements": [
        "R",
        "utils"
      ],
      "Hash": "89e6d8219950eac806ae0c489052048a"
    },
    "codetools": {
      "Package": "codetools",
      "Version": "0.2-18",
      "Source": "Repository",
      "Repository": "CRAN",
      "Requirements": [
        "R"
      ],
      "Hash": "019388fc48e48b3da0d3a76ff94608a8"
    },
    "colorspace": {
      "Package": "colorspace",
      "Version": "2.0-3",
      "Source": "Repository",
      "Repository": "CRAN",
      "Requirements": [
        "R",
        "grDevices",
        "graphics",
        "methods",
        "stats"
      ],
      "Hash": "bb4341986bc8b914f0f0acf2e4a3f2f7"
    },
    "corrplot": {
      "Package": "corrplot",
      "Version": "0.92",
      "Source": "Repository",
      "Repository": "CRAN",
      "Hash": "fcf11a91936fd5047b2ee9bc00595e36"
    },
    "cowplot": {
      "Package": "cowplot",
      "Version": "1.1.1",
      "Source": "Repository",
      "Repository": "CRAN",
      "Requirements": [
        "R",
        "ggplot2",
        "grDevices",
        "grid",
        "gtable",
        "methods",
        "rlang",
        "scales"
      ],
      "Hash": "b418e8423699d11c7f2087c2bfd07da2"
    },
    "cpp11": {
      "Package": "cpp11",
      "Version": "0.4.6",
      "Source": "Repository",
      "Repository": "CRAN",
      "Requirements": [
        "R"
      ],
      "Hash": "707fae4bbf73697ec8d85f9d7076c061"
    },
    "crayon": {
      "Package": "crayon",
      "Version": "1.5.2",
      "Source": "Repository",
      "Repository": "CRAN",
      "Requirements": [
        "grDevices",
        "methods",
        "utils"
      ],
      "Hash": "e8a1e41acf02548751f45c718d55aa6a"
    },
    "desc": {
      "Package": "desc",
      "Version": "1.4.2",
      "Source": "Repository",
      "Repository": "CRAN",
      "Requirements": [
        "R",
        "R6",
        "cli",
        "rprojroot",
        "utils"
      ],
      "Hash": "6b9602c7ebbe87101a9c8edb6e8b6d21"
    },
    "diffobj": {
      "Package": "diffobj",
      "Version": "0.3.5",
      "Source": "Repository",
      "Repository": "CRAN",
      "Requirements": [
        "R",
        "crayon",
        "methods",
        "stats",
        "tools",
        "utils"
      ],
      "Hash": "bcaa8b95f8d7d01a5dedfd959ce88ab8"
    },
    "digest": {
      "Package": "digest",
      "Version": "0.6.33",
      "Source": "Repository",
      "Repository": "CRAN",
      "Requirements": [
        "R",
        "utils"
      ],
      "Hash": "b18a9cf3c003977b0cc49d5e76ebe48d"
    },
    "dplyr": {
      "Package": "dplyr",
      "Version": "1.1.3",
      "Source": "Repository",
      "Repository": "CRAN",
      "Requirements": [
        "R",
        "R6",
        "cli",
        "generics",
        "glue",
        "lifecycle",
        "magrittr",
        "methods",
        "pillar",
        "rlang",
        "tibble",
        "tidyselect",
        "utils",
        "vctrs"
      ],
      "Hash": "e85ffbebaad5f70e1a2e2ef4302b4949"
    },
    "ellipsis": {
      "Package": "ellipsis",
      "Version": "0.3.2",
      "Source": "Repository",
      "Repository": "CRAN",
      "Requirements": [
        "R",
        "rlang"
      ],
      "Hash": "bb0eec2fe32e88d9e2836c2f73ea2077"
    },
    "evaluate": {
      "Package": "evaluate",
      "Version": "0.22",
      "Source": "Repository",
      "Repository": "CRAN",
      "Requirements": [
        "R",
        "methods"
      ],
      "Hash": "66f39c7a21e03c4dcb2c2d21d738d603"
    },
    "fansi": {
      "Package": "fansi",
      "Version": "1.0.3",
      "Source": "Repository",
      "Repository": "CRAN",
      "Requirements": [
        "R",
        "grDevices",
        "utils"
      ],
      "Hash": "83a8afdbe71839506baa9f90eebad7ec"
    },
    "farver": {
      "Package": "farver",
      "Version": "2.1.0",
      "Source": "Repository",
      "Repository": "CRAN",
      "Hash": "c98eb5133d9cb9e1622b8691487f11bb"
    },
    "fastmap": {
      "Package": "fastmap",
      "Version": "1.1.1",
      "Source": "Repository",
      "Repository": "CRAN",
      "Hash": "f7736a18de97dea803bde0a2daaafb27"
    },
    "fontawesome": {
      "Package": "fontawesome",
      "Version": "0.5.2",
      "Source": "Repository",
      "Repository": "CRAN",
      "Requirements": [
        "R",
        "htmltools",
        "rlang"
      ],
      "Hash": "c2efdd5f0bcd1ea861c2d4e2a883a67d"
    },
    "foreach": {
      "Package": "foreach",
      "Version": "1.5.1",
      "Source": "Repository",
      "Repository": "CRAN",
      "Requirements": [
        "R",
        "codetools",
        "iterators",
        "utils"
      ],
      "Hash": "e32cfc0973caba11b65b1fa691b4d8c9"
    },
    "fs": {
      "Package": "fs",
      "Version": "1.5.2",
      "Source": "Repository",
      "Repository": "CRAN",
      "Requirements": [
        "R",
        "methods"
      ],
      "Hash": "7c89603d81793f0d5486d91ab1fc6f1d"
    },
    "generics": {
      "Package": "generics",
      "Version": "0.1.3",
      "Source": "Repository",
      "Repository": "CRAN",
      "Requirements": [
        "R",
        "methods"
      ],
      "Hash": "15e9634c0fcd294799e9b2e929ed1b86"
    },
    "ggplot2": {
      "Package": "ggplot2",
      "Version": "3.4.4",
      "Source": "Repository",
      "Repository": "CRAN",
      "Requirements": [
        "MASS",
        "R",
        "cli",
        "glue",
        "grDevices",
        "grid",
        "gtable",
        "isoband",
        "lifecycle",
        "mgcv",
        "rlang",
        "scales",
        "stats",
        "tibble",
        "vctrs",
        "withr"
      ],
      "Hash": "313d31eff2274ecf4c1d3581db7241f9"
    },
    "ggpubr": {
      "Package": "ggpubr",
      "Version": "0.6.0",
      "Source": "Repository",
      "Repository": "CRAN",
      "Requirements": [
        "R",
        "cowplot",
        "dplyr",
        "ggplot2",
        "ggrepel",
        "ggsci",
        "ggsignif",
        "glue",
        "grid",
        "gridExtra",
        "magrittr",
        "polynom",
        "purrr",
        "rlang",
        "rstatix",
        "scales",
        "stats",
        "tibble",
        "tidyr",
        "utils"
      ],
      "Hash": "c957612b8bb1ee9ab7b2450d26663e7e"
    },
    "ggrepel": {
      "Package": "ggrepel",
      "Version": "0.9.4",
      "Source": "Repository",
      "Repository": "CRAN",
      "Requirements": [
        "R",
        "Rcpp",
        "ggplot2",
        "grid",
        "rlang",
        "scales",
        "withr"
      ],
      "Hash": "e9839af82cc43fda486a638b68b439b2"
    },
    "ggsci": {
      "Package": "ggsci",
      "Version": "3.0.0",
      "Source": "Repository",
      "Repository": "CRAN",
      "Requirements": [
        "R",
        "ggplot2",
        "grDevices",
        "scales"
      ],
      "Hash": "93664e03010c3f4b570c890dda99ade5"
    },
    "ggsignif": {
      "Package": "ggsignif",
      "Version": "0.6.4",
      "Source": "Repository",
      "Repository": "CRAN",
      "Requirements": [
        "ggplot2"
      ],
      "Hash": "a57f0f5dbcfd0d77ad4ff33032f5dc79"
    },
    "glmnet": {
      "Package": "glmnet",
      "Version": "4.1-1",
      "Source": "Repository",
      "Repository": "CRAN",
      "Requirements": [
        "Matrix",
        "R",
        "foreach",
        "methods",
        "shape",
        "survival",
        "utils"
      ],
      "Hash": "18482cb4790abf3ed27cafa2381d6175"
    },
    "glue": {
      "Package": "glue",
      "Version": "1.6.2",
      "Source": "Repository",
      "Repository": "CRAN",
      "Requirements": [
        "R",
        "methods"
      ],
      "Hash": "4f2596dfb05dac67b9dc558e5c6fba2e"
    },
    "gridExtra": {
      "Package": "gridExtra",
      "Version": "2.3",
      "Source": "Repository",
      "Repository": "CRAN",
      "Requirements": [
        "grDevices",
        "graphics",
        "grid",
        "gtable",
        "utils"
      ],
      "Hash": "7d7f283939f563670a697165b2cf5560"
    },
    "gtable": {
      "Package": "gtable",
      "Version": "0.3.4",
      "Source": "Repository",
      "Repository": "CRAN",
      "Requirements": [
        "R",
        "cli",
        "glue",
        "grid",
        "lifecycle",
        "rlang"
      ],
      "Hash": "b29cf3031f49b04ab9c852c912547eef"
    },
    "highr": {
      "Package": "highr",
      "Version": "0.10",
      "Source": "Repository",
      "Repository": "CRAN",
      "Requirements": [
        "R",
        "xfun"
      ],
      "Hash": "06230136b2d2b9ba5805e1963fa6e890"
    },
    "htmltools": {
      "Package": "htmltools",
      "Version": "0.5.6.1",
      "Source": "Repository",
      "Repository": "CRAN",
      "Requirements": [
        "R",
        "base64enc",
        "digest",
        "ellipsis",
        "fastmap",
        "grDevices",
        "rlang",
        "utils"
      ],
      "Hash": "1e12fe667316a76508898839ecfb2d00"
    },
    "isoband": {
      "Package": "isoband",
      "Version": "0.2.5",
      "Source": "Repository",
      "Repository": "CRAN",
      "Requirements": [
        "grid",
        "utils"
      ],
      "Hash": "7ab57a6de7f48a8dc84910d1eca42883"
    },
    "iterators": {
      "Package": "iterators",
      "Version": "1.0.13",
      "Source": "Repository",
      "Repository": "CRAN",
      "Requirements": [
        "R",
        "utils"
      ],
      "Hash": "64778782a89480e9a644f69aad9a2877"
    },
    "itertools": {
      "Package": "itertools",
      "Version": "0.1-3",
      "Source": "Repository",
      "Repository": "CRAN",
      "Requirements": [
        "R",
        "iterators",
        "parallel"
      ],
      "Hash": "9d0ef8912bc1d66357977f5b8e4dc5ed"
    },
    "jquerylib": {
      "Package": "jquerylib",
      "Version": "0.1.4",
      "Source": "Repository",
      "Repository": "CRAN",
      "Requirements": [
        "htmltools"
      ],
      "Hash": "5aab57a3bd297eee1c1d862735972182"
    },
    "jsonlite": {
      "Package": "jsonlite",
      "Version": "1.8.7",
      "Source": "Repository",
      "Repository": "CRAN",
      "Requirements": [
        "methods"
      ],
      "Hash": "266a20443ca13c65688b2116d5220f76"
    },
    "knitr": {
      "Package": "knitr",
      "Version": "1.44",
      "Source": "Repository",
      "Repository": "CRAN",
      "Requirements": [
        "R",
        "evaluate",
        "highr",
        "methods",
        "tools",
        "xfun",
        "yaml"
      ],
      "Hash": "60885b9f746c9dfaef110d070b5f7dc0"
    },
    "labeling": {
      "Package": "labeling",
      "Version": "0.4.3",
      "Source": "Repository",
      "Repository": "CRAN",
      "Requirements": [
        "graphics",
        "stats"
      ],
      "Hash": "b64ec208ac5bc1852b285f665d6368b3"
    },
    "lattice": {
      "Package": "lattice",
      "Version": "0.20-41",
      "Source": "Repository",
      "Repository": "CRAN",
      "Requirements": [
        "R",
        "grDevices",
        "graphics",
        "grid",
        "stats",
        "utils"
      ],
      "Hash": "fbd9285028b0263d76d18c95ae51a53d"
    },
    "lifecycle": {
      "Package": "lifecycle",
      "Version": "1.0.3",
      "Source": "Repository",
      "Repository": "CRAN",
      "Requirements": [
        "R",
        "cli",
        "glue",
        "rlang"
      ],
      "Hash": "001cecbeac1cff9301bdc3775ee46a86"
    },
    "lme4": {
      "Package": "lme4",
      "Version": "1.1-29",
      "Source": "Repository",
      "Repository": "CRAN",
      "Requirements": [
        "MASS",
        "Matrix",
        "R",
        "Rcpp",
        "RcppEigen",
        "boot",
        "graphics",
        "grid",
        "lattice",
        "methods",
        "minqa",
        "nlme",
        "nloptr",
        "parallel",
        "splines",
        "stats",
        "utils"
      ],
      "Hash": "4f55df530bfb9fe95fc42738fa55f183"
    },
    "magrittr": {
      "Package": "magrittr",
      "Version": "2.0.3",
      "Source": "Repository",
      "Repository": "CRAN",
      "Requirements": [
        "R"
      ],
      "Hash": "7ce2733a9826b3aeb1775d56fd305472"
    },
    "memoise": {
      "Package": "memoise",
      "Version": "2.0.1",
      "Source": "Repository",
      "Repository": "CRAN",
      "Requirements": [
        "cachem",
        "rlang"
      ],
      "Hash": "e2817ccf4a065c5d9d7f2cfbe7c1d78c"
    },
    "mgcv": {
      "Package": "mgcv",
      "Version": "1.8-34",
      "Source": "Repository",
      "Repository": "CRAN",
      "Requirements": [
        "Matrix",
        "R",
        "graphics",
        "methods",
        "nlme",
        "splines",
        "stats",
        "utils"
      ],
      "Hash": "bd4a6c4b600f58651d60d381b0e9a397"
    },
    "mime": {
      "Package": "mime",
      "Version": "0.12",
      "Source": "Repository",
      "Repository": "CRAN",
      "Requirements": [
        "tools"
      ],
      "Hash": "18e9c28c1d3ca1560ce30658b22ce104"
    },
    "minqa": {
      "Package": "minqa",
      "Version": "1.2.4",
      "Source": "Repository",
      "Repository": "CRAN",
      "Requirements": [
        "Rcpp"
      ],
      "Hash": "eaee7d2a6f3ed4491df868611cb064cc"
    },
    "missForest": {
      "Package": "missForest",
      "Version": "1.4",
      "Source": "Repository",
      "Repository": "CRAN",
      "Requirements": [
        "foreach",
        "itertools",
        "randomForest"
      ],
      "Hash": "d11f5800031df69444dca78c8e2bbde5"
    },
    "munsell": {
      "Package": "munsell",
      "Version": "0.5.0",
      "Source": "Repository",
      "Repository": "CRAN",
      "Requirements": [
        "colorspace",
        "methods"
      ],
      "Hash": "6dfe8bf774944bd5595785e3229d8771"
    },
    "nlme": {
      "Package": "nlme",
      "Version": "3.1-152",
      "Source": "Repository",
      "Repository": "CRAN",
      "Requirements": [
        "R",
        "graphics",
        "lattice",
        "stats",
        "utils"
      ],
      "Hash": "35de1ce639f20b5e10f7f46260730c65"
    },
    "nloptr": {
      "Package": "nloptr",
      "Version": "2.0.0",
      "Source": "Repository",
      "Repository": "CRAN",
      "Requirements": [
        "testthat"
      ],
      "Hash": "6e45c045fea34a9d0d1ceaa6fb7c4e91"
    },
    "nnet": {
      "Package": "nnet",
      "Version": "7.3-15",
      "Source": "Repository",
      "Repository": "CRAN",
      "Requirements": [
        "R",
        "stats",
        "utils"
      ],
      "Hash": "b67ac021b3fb3a4b69d0d3c2bc049e9f"
    },
    "numDeriv": {
      "Package": "numDeriv",
      "Version": "2016.8-1.1",
      "Source": "Repository",
      "Repository": "CRAN",
      "Requirements": [
        "R"
      ],
      "Hash": "df58958f293b166e4ab885ebcad90e02"
    },
    "pbkrtest": {
      "Package": "pbkrtest",
      "Version": "0.5.1",
      "Source": "Repository",
      "Repository": "CRAN",
      "Requirements": [
        "MASS",
        "Matrix",
        "R",
        "broom",
        "dplyr",
        "knitr",
        "lme4",
        "magrittr",
        "methods",
        "numDeriv",
        "parallel"
      ],
      "Hash": "b304ff5955f37b48bd30518faf582929"
    },
    "pillar": {
      "Package": "pillar",
      "Version": "1.9.0",
      "Source": "Repository",
      "Repository": "CRAN",
      "Requirements": [
        "cli",
        "fansi",
        "glue",
        "lifecycle",
        "rlang",
        "utf8",
        "utils",
        "vctrs"
      ],
      "Hash": "15da5a8412f317beeee6175fbc76f4bb"
    },
    "pkgbuild": {
      "Package": "pkgbuild",
      "Version": "1.4.2",
      "Source": "Repository",
      "Repository": "CRAN",
      "Requirements": [
        "R",
        "R6",
        "callr",
        "cli",
        "crayon",
        "desc",
        "prettyunits",
        "processx",
        "rprojroot"
      ],
      "Hash": "beb25b32a957a22a5c301a9e441190b3"
    },
    "pkgconfig": {
      "Package": "pkgconfig",
      "Version": "2.0.3",
      "Source": "Repository",
      "Repository": "CRAN",
      "Requirements": [
        "utils"
      ],
      "Hash": "01f28d4278f15c76cddbea05899c5d6f"
    },
    "pkgload": {
      "Package": "pkgload",
      "Version": "1.3.3",
      "Source": "Repository",
      "Repository": "CRAN",
      "Requirements": [
        "R",
        "cli",
        "crayon",
        "desc",
        "fs",
        "glue",
        "methods",
        "pkgbuild",
        "rlang",
        "rprojroot",
        "utils",
        "withr"
      ],
      "Hash": "903d68319ae9923fb2e2ee7fa8230b91"
    },
    "polynom": {
      "Package": "polynom",
      "Version": "1.4-1",
      "Source": "Repository",
      "Repository": "CRAN",
      "Requirements": [
        "graphics",
        "stats"
      ],
      "Hash": "ceb5c2a59ba33d42d051285a3e8a5118"
    },
    "praise": {
      "Package": "praise",
      "Version": "1.0.0",
      "Source": "Repository",
      "Repository": "CRAN",
      "Hash": "a555924add98c99d2f411e37e7d25e9f"
    },
    "prettyunits": {
      "Package": "prettyunits",
      "Version": "1.2.0",
      "Source": "Repository",
      "Repository": "CRAN",
      "Requirements": [
        "R"
      ],
      "Hash": "6b01fc98b1e86c4f705ce9dcfd2f57c7"
    },
    "processx": {
      "Package": "processx",
      "Version": "3.8.2",
      "Source": "Repository",
      "Repository": "CRAN",
      "Requirements": [
        "R",
        "R6",
        "ps",
        "utils"
      ],
      "Hash": "3efbd8ac1be0296a46c55387aeace0f3"
    },
    "ps": {
      "Package": "ps",
      "Version": "1.7.5",
      "Source": "Repository",
      "Repository": "CRAN",
      "Requirements": [
        "R",
        "utils"
      ],
      "Hash": "709d852d33178db54b17c722e5b1e594"
    },
    "purrr": {
      "Package": "purrr",
      "Version": "1.0.2",
      "Source": "Repository",
      "Repository": "CRAN",
      "Requirements": [
        "R",
        "cli",
        "lifecycle",
        "magrittr",
        "rlang",
        "vctrs"
      ],
      "Hash": "1cba04a4e9414bdefc9dcaa99649a8dc"
    },
    "quantreg": {
      "Package": "quantreg",
      "Version": "5.88",
      "Source": "Repository",
      "Repository": "CRAN",
      "Requirements": [
        "Matrix",
        "MatrixModels",
        "R",
        "SparseM",
        "graphics",
        "methods",
        "stats"
      ],
      "Hash": "b7d49f60ce945abad300246d4766326a"
    },
    "rJava": {
      "Package": "rJava",
      "Version": "1.0-4",
      "Source": "Repository",
      "Repository": "CRAN",
      "Requirements": [
        "R",
        "methods"
      ],
      "Hash": "0cd1ee479ba887170411af6d81705003"
    },
    "randomForest": {
      "Package": "randomForest",
      "Version": "4.6-14",
      "Source": "Repository",
      "Repository": "CRAN",
      "Requirements": [
        "R",
        "stats"
      ],
      "Hash": "6367ba8128568cc5ebf8082e440948e4"
    },
    "rappdirs": {
      "Package": "rappdirs",
      "Version": "0.3.3",
      "Source": "Repository",
      "Repository": "CRAN",
      "Requirements": [
        "R"
      ],
      "Hash": "5e3c5dc0b071b21fa128676560dbe94d"
    },
    "rematch2": {
      "Package": "rematch2",
      "Version": "2.1.2",
      "Source": "Repository",
      "Repository": "CRAN",
      "Requirements": [
        "tibble"
      ],
      "Hash": "76c9e04c712a05848ae7a23d2f170a40"
    },
    "renv": {
      "Package": "renv",
      "Version": "1.0.3",
      "Source": "Repository",
      "Repository": "CRAN",
      "Requirements": [
        "utils"
      ],
      "Hash": "41b847654f567341725473431dd0d5ab"
    },
    "rlang": {
      "Package": "rlang",
      "Version": "1.1.1",
      "Source": "Repository",
      "Repository": "CRAN",
      "Requirements": [
        "R",
        "utils"
      ],
      "Hash": "a85c767b55f0bf9b7ad16c6d7baee5bb"
    },
    "rmarkdown": {
      "Package": "rmarkdown",
      "Version": "2.25",
      "Source": "Repository",
      "Repository": "CRAN",
      "Requirements": [
        "R",
        "bslib",
        "evaluate",
        "fontawesome",
        "htmltools",
        "jquerylib",
        "jsonlite",
        "knitr",
        "methods",
        "stringr",
        "tinytex",
        "tools",
        "utils",
        "xfun",
        "yaml"
      ],
      "Hash": "d65e35823c817f09f4de424fcdfa812a"
    },
    "rprojroot": {
      "Package": "rprojroot",
      "Version": "2.0.3",
      "Source": "Repository",
      "Repository": "CRAN",
      "Requirements": [
        "R"
      ],
      "Hash": "1de7ab598047a87bba48434ba35d497d"
    },
    "rstatix": {
      "Package": "rstatix",
      "Version": "0.7.2",
      "Source": "Repository",
      "Repository": "CRAN",
      "Requirements": [
        "R",
        "broom",
        "car",
        "corrplot",
        "dplyr",
        "generics",
        "magrittr",
        "purrr",
        "rlang",
        "stats",
        "tibble",
        "tidyr",
        "tidyselect",
        "utils"
      ],
      "Hash": "5045fbb71b143878d8c51975d1d7d56d"
    },
    "sass": {
      "Package": "sass",
      "Version": "0.4.1",
      "Source": "Repository",
      "Repository": "CRAN",
      "Requirements": [
        "R6",
        "fs",
        "htmltools",
        "rappdirs",
        "rlang"
      ],
      "Hash": "f37c0028d720bab3c513fd65d28c7234"
    },
    "scales": {
      "Package": "scales",
      "Version": "1.2.1",
      "Source": "Repository",
      "Repository": "CRAN",
      "Requirements": [
        "R",
        "R6",
        "RColorBrewer",
        "farver",
        "labeling",
        "lifecycle",
        "munsell",
        "rlang",
        "viridisLite"
      ],
      "Hash": "906cb23d2f1c5680b8ce439b44c6fa63"
    },
    "shape": {
      "Package": "shape",
      "Version": "1.4.6",
      "Source": "Repository",
      "Repository": "CRAN",
      "Requirements": [
        "R",
        "grDevices",
        "graphics",
        "stats"
      ],
      "Hash": "9067f962730f58b14d8ae54ca885509f"
    },
    "stringi": {
      "Package": "stringi",
      "Version": "1.7.6",
      "Source": "Repository",
      "Repository": "CRAN",
      "Requirements": [
        "R",
        "stats",
        "tools",
        "utils"
      ],
      "Hash": "bba431031d30789535745a9627ac9271"
    },
    "stringr": {
      "Package": "stringr",
      "Version": "1.5.0",
      "Source": "Repository",
      "Repository": "CRAN",
      "Requirements": [
        "R",
        "cli",
        "glue",
        "lifecycle",
        "magrittr",
        "rlang",
        "stringi",
        "vctrs"
      ],
      "Hash": "671a4d384ae9d32fc47a14e98bfa3dc8"
    },
    "survival": {
      "Package": "survival",
      "Version": "3.2-10",
      "Source": "Repository",
      "Repository": "CRAN",
      "Requirements": [
        "Matrix",
        "R",
        "graphics",
        "methods",
        "splines",
        "stats",
        "utils"
      ],
      "Hash": "6b7453cd9bb32b12577c78d54eeea56a"
    },
    "testthat": {
      "Package": "testthat",
      "Version": "3.2.0",
      "Source": "Repository",
      "Repository": "CRAN",
      "Requirements": [
        "R",
        "R6",
        "brio",
        "callr",
        "cli",
        "desc",
        "digest",
        "ellipsis",
        "evaluate",
        "jsonlite",
        "lifecycle",
        "magrittr",
        "methods",
        "pkgload",
        "praise",
        "processx",
        "ps",
        "rlang",
        "utils",
        "waldo",
        "withr"
      ],
      "Hash": "877508719fcb8c9525eccdadf07a5102"
    },
    "tibble": {
      "Package": "tibble",
      "Version": "3.2.1",
      "Source": "Repository",
      "Repository": "CRAN",
      "Requirements": [
        "R",
        "fansi",
        "lifecycle",
        "magrittr",
        "methods",
        "pillar",
        "pkgconfig",
        "rlang",
        "utils",
        "vctrs"
      ],
      "Hash": "a84e2cc86d07289b3b6f5069df7a004c"
    },
    "tidyr": {
      "Package": "tidyr",
      "Version": "1.3.0",
      "Source": "Repository",
      "Repository": "CRAN",
      "Requirements": [
        "R",
        "cli",
        "cpp11",
        "dplyr",
        "glue",
        "lifecycle",
        "magrittr",
        "purrr",
        "rlang",
        "stringr",
        "tibble",
        "tidyselect",
        "utils",
        "vctrs"
      ],
      "Hash": "e47debdc7ce599b070c8e78e8ac0cfcf"
    },
    "tidyselect": {
      "Package": "tidyselect",
      "Version": "1.2.0",
      "Source": "Repository",
      "Repository": "CRAN",
      "Requirements": [
        "R",
        "cli",
        "glue",
        "lifecycle",
        "rlang",
        "vctrs",
        "withr"
      ],
      "Hash": "79540e5fcd9e0435af547d885f184fd5"
    },
    "tinytex": {
      "Package": "tinytex",
      "Version": "0.48",
      "Source": "Repository",
      "Repository": "CRAN",
      "Requirements": [
        "xfun"
      ],
      "Hash": "8f96d229b7311beb32b94cf413b13f84"
    },
    "utf8": {
      "Package": "utf8",
      "Version": "1.2.2",
      "Source": "Repository",
      "Repository": "CRAN",
      "Requirements": [
        "R"
      ],
      "Hash": "c9c462b759a5cc844ae25b5942654d13"
    },
    "vctrs": {
      "Package": "vctrs",
      "Version": "0.6.4",
      "Source": "Repository",
      "Repository": "CRAN",
      "Requirements": [
        "R",
        "cli",
        "glue",
        "lifecycle",
        "rlang"
      ],
      "Hash": "266c1ca411266ba8f365fcc726444b87"
    },
    "viridisLite": {
      "Package": "viridisLite",
      "Version": "0.4.2",
      "Source": "Repository",
      "Repository": "CRAN",
      "Requirements": [
        "R"
      ],
      "Hash": "c826c7c4241b6fc89ff55aaea3fa7491"
    },
    "waldo": {
      "Package": "waldo",
      "Version": "0.5.1",
      "Source": "Repository",
      "Repository": "CRAN",
      "Requirements": [
        "cli",
        "diffobj",
        "fansi",
        "glue",
        "methods",
        "rematch2",
        "rlang",
        "tibble"
      ],
      "Hash": "2c993415154cdb94649d99ae138ff5e5"
    },
    "withr": {
      "Package": "withr",
      "Version": "2.5.1",
      "Source": "Repository",
      "Repository": "CRAN",
      "Requirements": [
        "R",
        "grDevices",
        "graphics",
        "stats"
      ],
      "Hash": "d77c6f74be05c33164e33fbc85540cae"
    },
    "xfun": {
      "Package": "xfun",
      "Version": "0.40",
      "Source": "Repository",
      "Repository": "CRAN",
      "Requirements": [
        "stats",
        "tools"
      ],
      "Hash": "be07d23211245fc7d4209f54c4e4ffc8"
    },
    "yaml": {
      "Package": "yaml",
      "Version": "2.3.5",
      "Source": "Repository",
      "Repository": "CRAN",
      "Hash": "458bb38374d73bf83b1bb85e353da200"
    }
  }
}
